
Microsoft Visual Studio Solution File, Format Version 12.00
# Visual Studio Version 17
VisualStudioVersion = 17.14.36414.22 d17.14
MinimumVisualStudioVersion = 10.0.40219.1
Project("{FAE04EC0-301F-11D3-BF4B-00C04F79EFBC}") = "WebProje", "WebProje.csproj", "{9C3CA66A-785F-335F-6D1C-C03232B45B86}"
EndProject
Global
	GlobalSection(SolutionConfigurationPlatforms) = preSolution
		Debug|Any CPU = Debug|Any CPU
		Release|Any CPU = Release|Any CPU
	EndGlobalSection
	GlobalSection(ProjectConfigurationPlatforms) = postSolution
		{9C3CA66A-785F-335F-6D1C-C03232B45B86}.Debug|Any CPU.ActiveCfg = Debug|Any CPU
		{9C3CA66A-785F-335F-6D1C-C03232B45B86}.Debug|Any CPU.Build.0 = Debug|Any CPU
		{9C3CA66A-785F-335F-6D1C-C03232B45B86}.Release|Any CPU.ActiveCfg = Release|Any CPU
		{9C3CA66A-785F-335F-6D1C-C03232B45B86}.Release|Any CPU.Build.0 = Release|Any CPU
	EndGlobalSection
	GlobalSection(SolutionProperties) = preSolution
		HideSolutionNode = FALSE
	EndGlobalSection
	GlobalSection(ExtensibilityGlobals) = postSolution
		SolutionGuid = {8427BC61-283D-4A8C-8878-CEDD8A2F591D}
	EndGlobalSection
EndGlobal
